
Microsoft Visual Studio Solution File, Format Version 12.00
# Visual Studio 14
VisualStudioVersion = 14.0.22823.1
MinimumVisualStudioVersion = 10.0.40219.1
Project("{FAE04EC0-301F-11D3-BF4B-00C04F79EFBC}") = "MyFirstMapper", "MyFirstMapper\MyFirstMapper.csproj", "{189D3EE6-A52F-4B3E-AAF7-095E58D36093}"
EndProject
Project("{FAE04EC0-301F-11D3-BF4B-00C04F79EFBC}") = "reducer", "reducer\reducer.csproj", "{2E848369-EE1B-4687-A112-154384B9F2F4}"
EndProject
Project("{FAE04EC0-301F-11D3-BF4B-00C04F79EFBC}") = "LinQtoHive", "LinQtoHive\LinQtoHive.csproj", "{08580029-7DAA-43D8-9AE5-B348D5BA0E69}"
EndProject
Project("{FAE04EC0-301F-11D3-BF4B-00C04F79EFBC}") = "ReactiveExtension", "ReactiveExtension\ReactiveExtension.csproj", "{F9436FF1-CF4B-47A9-ACAE-A6AB6EE8E29C}"
EndProject
Project("{FAE04EC0-301F-11D3-BF4B-00C04F79EFBC}") = "WebHDFS", "WebHDFS\WebHDFS.csproj", "{8ED997C5-8895-4698-96F4-9EF11B55CA0B}"
EndProject
Global
	GlobalSection(SolutionConfigurationPlatforms) = preSolution
		Debug|Any CPU = Debug|Any CPU
		Release|Any CPU = Release|Any CPU
	EndGlobalSection
	GlobalSection(ProjectConfigurationPlatforms) = postSolution
		{189D3EE6-A52F-4B3E-AAF7-095E58D36093}.Debug|Any CPU.ActiveCfg = Debug|Any CPU
		{189D3EE6-A52F-4B3E-AAF7-095E58D36093}.Debug|Any CPU.Build.0 = Debug|Any CPU
		{189D3EE6-A52F-4B3E-AAF7-095E58D36093}.Release|Any CPU.ActiveCfg = Release|Any CPU
		{189D3EE6-A52F-4B3E-AAF7-095E58D36093}.Release|Any CPU.Build.0 = Release|Any CPU
		{2E848369-EE1B-4687-A112-154384B9F2F4}.Debug|Any CPU.ActiveCfg = Debug|Any CPU
		{2E848369-EE1B-4687-A112-154384B9F2F4}.Debug|Any CPU.Build.0 = Debug|Any CPU
		{2E848369-EE1B-4687-A112-154384B9F2F4}.Release|Any CPU.ActiveCfg = Release|Any CPU
		{2E848369-EE1B-4687-A112-154384B9F2F4}.Release|Any CPU.Build.0 = Release|Any CPU
		{08580029-7DAA-43D8-9AE5-B348D5BA0E69}.Debug|Any CPU.ActiveCfg = Debug|Any CPU
		{08580029-7DAA-43D8-9AE5-B348D5BA0E69}.Debug|Any CPU.Build.0 = Debug|Any CPU
		{08580029-7DAA-43D8-9AE5-B348D5BA0E69}.Release|Any CPU.ActiveCfg = Release|Any CPU
		{08580029-7DAA-43D8-9AE5-B348D5BA0E69}.Release|Any CPU.Build.0 = Release|Any CPU
		{F9436FF1-CF4B-47A9-ACAE-A6AB6EE8E29C}.Debug|Any CPU.ActiveCfg = Debug|Any CPU
		{F9436FF1-CF4B-47A9-ACAE-A6AB6EE8E29C}.Debug|Any CPU.Build.0 = Debug|Any CPU
		{F9436FF1-CF4B-47A9-ACAE-A6AB6EE8E29C}.Release|Any CPU.ActiveCfg = Release|Any CPU
		{F9436FF1-CF4B-47A9-ACAE-A6AB6EE8E29C}.Release|Any CPU.Build.0 = Release|Any CPU
		{8ED997C5-8895-4698-96F4-9EF11B55CA0B}.Debug|Any CPU.ActiveCfg = Debug|Any CPU
		{8ED997C5-8895-4698-96F4-9EF11B55CA0B}.Debug|Any CPU.Build.0 = Debug|Any CPU
		{8ED997C5-8895-4698-96F4-9EF11B55CA0B}.Release|Any CPU.ActiveCfg = Release|Any CPU
		{8ED997C5-8895-4698-96F4-9EF11B55CA0B}.Release|Any CPU.Build.0 = Release|Any CPU
	EndGlobalSection
	GlobalSection(SolutionProperties) = preSolution
		HideSolutionNode = FALSE
	EndGlobalSection
EndGlobal
